
Microsoft Visual Studio Solution File, Format Version 12.00
# Visual Studio Version 16
VisualStudioVersion = 16.0.29418.71
MinimumVisualStudioVersion = 10.0.40219.1
Project("{8BC9CEB8-8B4A-11D0-8D11-00A0C91BC942}") = "simple_mlp_cpp", "simple_mlp_cpp\simple_mlp_cpp.vcxproj", "{76E76651-5249-40E2-815C-ABA53C96BEDA}"
EndProject
Project("{8BC9CEB8-8B4A-11D0-8D11-00A0C91BC942}") = "UnitTest", "UnitTest\UnitTest.vcxproj", "{65F17DB5-B6E8-44F4-92B2-2DFF86FA648F}"
EndProject
Project("{8BC9CEB8-8B4A-11D0-8D11-00A0C91BC942}") = "train_mlp", "train_mlp\train_mlp.vcxproj", "{68A455DD-4A12-4616-AA07-6F248FB4B1DA}"
EndProject
Project("{8BC9CEB8-8B4A-11D0-8D11-00A0C91BC942}") = "Layers", "Layers\Layers.vcxproj", "{93E27B20-25F2-4DC6-9088-317C047C9D56}"
EndProject
Project("{8BC9CEB8-8B4A-11D0-8D11-00A0C91BC942}") = "LayerTest", "LayerTest\LayerTest.vcxproj", "{13833E07-DB2A-4B24-BF97-0613A831E591}"
EndProject
Global
	GlobalSection(SolutionConfigurationPlatforms) = preSolution
		Debug|x64 = Debug|x64
		Debug|x86 = Debug|x86
		Release|x64 = Release|x64
		Release|x86 = Release|x86
	EndGlobalSection
	GlobalSection(ProjectConfigurationPlatforms) = postSolution
		{76E76651-5249-40E2-815C-ABA53C96BEDA}.Debug|x64.ActiveCfg = Debug|x64
		{76E76651-5249-40E2-815C-ABA53C96BEDA}.Debug|x64.Build.0 = Debug|x64
		{76E76651-5249-40E2-815C-ABA53C96BEDA}.Debug|x86.ActiveCfg = Debug|Win32
		{76E76651-5249-40E2-815C-ABA53C96BEDA}.Debug|x86.Build.0 = Debug|Win32
		{76E76651-5249-40E2-815C-ABA53C96BEDA}.Release|x64.ActiveCfg = Release|x64
		{76E76651-5249-40E2-815C-ABA53C96BEDA}.Release|x64.Build.0 = Release|x64
		{76E76651-5249-40E2-815C-ABA53C96BEDA}.Release|x86.ActiveCfg = Release|Win32
		{76E76651-5249-40E2-815C-ABA53C96BEDA}.Release|x86.Build.0 = Release|Win32
		{65F17DB5-B6E8-44F4-92B2-2DFF86FA648F}.Debug|x64.ActiveCfg = Debug|x64
		{65F17DB5-B6E8-44F4-92B2-2DFF86FA648F}.Debug|x64.Build.0 = Debug|x64
		{65F17DB5-B6E8-44F4-92B2-2DFF86FA648F}.Debug|x86.ActiveCfg = Debug|Win32
		{65F17DB5-B6E8-44F4-92B2-2DFF86FA648F}.Debug|x86.Build.0 = Debug|Win32
		{65F17DB5-B6E8-44F4-92B2-2DFF86FA648F}.Release|x64.ActiveCfg = Release|x64
		{65F17DB5-B6E8-44F4-92B2-2DFF86FA648F}.Release|x64.Build.0 = Release|x64
		{65F17DB5-B6E8-44F4-92B2-2DFF86FA648F}.Release|x86.ActiveCfg = Release|Win32
		{65F17DB5-B6E8-44F4-92B2-2DFF86FA648F}.Release|x86.Build.0 = Release|Win32
		{68A455DD-4A12-4616-AA07-6F248FB4B1DA}.Debug|x64.ActiveCfg = Debug|x64
		{68A455DD-4A12-4616-AA07-6F248FB4B1DA}.Debug|x64.Build.0 = Debug|x64
		{68A455DD-4A12-4616-AA07-6F248FB4B1DA}.Debug|x86.ActiveCfg = Debug|Win32
		{68A455DD-4A12-4616-AA07-6F248FB4B1DA}.Debug|x86.Build.0 = Debug|Win32
		{68A455DD-4A12-4616-AA07-6F248FB4B1DA}.Release|x64.ActiveCfg = Release|x64
		{68A455DD-4A12-4616-AA07-6F248FB4B1DA}.Release|x64.Build.0 = Release|x64
		{68A455DD-4A12-4616-AA07-6F248FB4B1DA}.Release|x86.ActiveCfg = Release|Win32
		{68A455DD-4A12-4616-AA07-6F248FB4B1DA}.Release|x86.Build.0 = Release|Win32
		{93E27B20-25F2-4DC6-9088-317C047C9D56}.Debug|x64.ActiveCfg = Debug|x64
		{93E27B20-25F2-4DC6-9088-317C047C9D56}.Debug|x64.Build.0 = Debug|x64
		{93E27B20-25F2-4DC6-9088-317C047C9D56}.Debug|x86.ActiveCfg = Debug|Win32
		{93E27B20-25F2-4DC6-9088-317C047C9D56}.Debug|x86.Build.0 = Debug|Win32
		{93E27B20-25F2-4DC6-9088-317C047C9D56}.Release|x64.ActiveCfg = Release|x64
		{93E27B20-25F2-4DC6-9088-317C047C9D56}.Release|x64.Build.0 = Release|x64
		{93E27B20-25F2-4DC6-9088-317C047C9D56}.Release|x86.ActiveCfg = Release|Win32
		{93E27B20-25F2-4DC6-9088-317C047C9D56}.Release|x86.Build.0 = Release|Win32
		{13833E07-DB2A-4B24-BF97-0613A831E591}.Debug|x64.ActiveCfg = Debug|x64
		{13833E07-DB2A-4B24-BF97-0613A831E591}.Debug|x64.Build.0 = Debug|x64
		{13833E07-DB2A-4B24-BF97-0613A831E591}.Debug|x86.ActiveCfg = Debug|Win32
		{13833E07-DB2A-4B24-BF97-0613A831E591}.Debug|x86.Build.0 = Debug|Win32
		{13833E07-DB2A-4B24-BF97-0613A831E591}.Release|x64.ActiveCfg = Release|x64
		{13833E07-DB2A-4B24-BF97-0613A831E591}.Release|x64.Build.0 = Release|x64
		{13833E07-DB2A-4B24-BF97-0613A831E591}.Release|x86.ActiveCfg = Release|Win32
		{13833E07-DB2A-4B24-BF97-0613A831E591}.Release|x86.Build.0 = Release|Win32
	EndGlobalSection
	GlobalSection(SolutionProperties) = preSolution
		HideSolutionNode = FALSE
	EndGlobalSection
	GlobalSection(ExtensibilityGlobals) = postSolution
		SolutionGuid = {00DB0C51-2354-43FC-A21F-80B18253F8D2}
	EndGlobalSection
EndGlobal
